{
  "name": "arraybuffer",
  "lockfileVersion": 3,
  "requires": true,
  "packages": {
    "": {
      "dependencies": {
        "types": "file:../../../node"
      },
      "devDependencies": {
        "type": "file:../../../node"
      }
    },
    "../../../node": {},
    "node_modules/type": {
      "resolved": "../../../node",
      "link": true
    },
    "node_modules/types": {
      "resolved": "../../../node",
      "link": true
    }
  }
}
